{
  "name": "awesome-fonts",
  "version": "0.1.0",
  "lockfileVersion": 1,
  "requires": true,
  "dependencies": {
    "@types/react": {
      "version": "16.3.14",
      "resolved": "https://registry.npmjs.org/@types/react/-/react-16.3.14.tgz",
      "integrity": "sha512-wNUGm49fPl7eE2fnYdF0v5vSOrUMdKMQD/4NwtQRnb6mnPwtkhabmuFz37eq90+hhyfz0pWd38jkZHOcaZ6LGw==",
      "requires": {
        "csstype": "2.5.1"
      }
    },
    "@types/redux-form": {
      "version": "7.2.5",
      "resolved": "https://registry.npmjs.org/@types/redux-form/-/redux-form-7.2.5.tgz",
      "integrity": "sha512-R4FHhJyB6P5zxbvtVp4C9qH3MYobxXwBMqf8bTL4j57w8qiDjMV+NiH1MEn/8n8zX0x5djRueqxeL0pVUyWQog==",
      "requires": {
        "@types/react": "16.3.14",
        "redux": "3.7.2"
      },
      "dependencies": {
        "redux": {
          "version": "3.7.2",
          "resolved": "https://registry.npmjs.org/redux/-/redux-3.7.2.tgz",
          "integrity": "sha512-pNqnf9q1hI5HHZRBkj3bAngGZW/JMCmexDlOxw4XagXY2o1327nHH54LoTjiPJ0gizoqPDRqWyX/00g0hD6w+A==",
          "requires": {
            "lodash": "4.17.10",
            "lodash-es": "4.17.10",
            "loose-envify": "1.3.1",
            "symbol-observable": "1.2.0"
          }
        }
      }
    },
    "csstype": {
      "version": "2.5.1",
      "resolved": "https://registry.npmjs.org/csstype/-/csstype-2.5.1.tgz",
      "integrity": "sha512-qfG5lXkiUKz3kAuABSlpRxL9QL/U8ViJiXC6hvk/7tEJaCj7a2ZOW2kVtSFGpETOfQR7MicXjf/q1bmO1iShiA=="
    },
    "js-tokens": {
      "version": "3.0.2",
      "resolved": "https://registry.npmjs.org/js-tokens/-/js-tokens-3.0.2.tgz",
      "integrity": "sha1-mGbfOVECEw449/mWvOtlRDIJwls="
    },
    "lodash": {
      "version": "4.17.10",
      "resolved": "https://registry.npmjs.org/lodash/-/lodash-4.17.10.tgz",
      "integrity": "sha512-UejweD1pDoXu+AD825lWwp4ZGtSwgnpZxb3JDViD7StjQz+Nb/6l093lx4OQ0foGWNRoc19mWy7BzL+UAK2iVg=="
    },
    "lodash-es": {
      "version": "4.17.10",
      "resolved": "https://registry.npmjs.org/lodash-es/-/lodash-es-4.17.10.tgz",
      "integrity": "sha512-iesFYPmxYYGTcmQK0sL8bX3TGHyM6b2qREaB4kamHfQyfPJP0xgoGxp19nsH16nsfquLdiyKyX3mQkfiSGV8Rg=="
    },
    "loose-envify": {
      "version": "1.3.1",
      "resolved": "https://registry.npmjs.org/loose-envify/-/loose-envify-1.3.1.tgz",
      "integrity": "sha1-0aitM/qc4OcT1l/dCsi3SNR4yEg=",
      "requires": {
        "js-tokens": "3.0.2"
      }
    },
    "symbol-observable": {
      "version": "1.2.0",
      "resolved": "https://registry.npmjs.org/symbol-observable/-/symbol-observable-1.2.0.tgz",
      "integrity": "sha512-e900nM8RRtGhlV36KGEU9k65K3mPb1WV70OdjfxlG2EAuM1noi/E/BaW/uMhL7bPEssK8QV57vN3esixjUvcXQ=="
    }
  }
}
